
Microsoft Visual Studio Solution File, Format Version 12.00
# Visual Studio Version 17
VisualStudioVersion = 17.13.35919.96
MinimumVisualStudioVersion = 10.0.40219.1
Project("{FAE04EC0-301F-11D3-BF4B-00C04F79EFBC}") = "Linq#01", "Linq#01\Linq#01.csproj", "{4C9ECDCD-26CE-4428-9C7F-89E3BE731361}"
EndProject
Project("{FAE04EC0-301F-11D3-BF4B-00C04F79EFBC}") = "Linq#02", "Linq#02\Linq#02.csproj", "{F779CAD1-8DAA-4EC6-B6E8-B582EBD5B1C0}"
EndProject
Global
	GlobalSection(SolutionConfigurationPlatforms) = preSolution
		Debug|Any CPU = Debug|Any CPU
		Release|Any CPU = Release|Any CPU
	EndGlobalSection
	GlobalSection(ProjectConfigurationPlatforms) = postSolution
		{4C9ECDCD-26CE-4428-9C7F-89E3BE731361}.Debug|Any CPU.ActiveCfg = Debug|Any CPU
		{4C9ECDCD-26CE-4428-9C7F-89E3BE731361}.Debug|Any CPU.Build.0 = Debug|Any CPU
		{4C9ECDCD-26CE-4428-9C7F-89E3BE731361}.Release|Any CPU.ActiveCfg = Release|Any CPU
		{4C9ECDCD-26CE-4428-9C7F-89E3BE731361}.Release|Any CPU.Build.0 = Release|Any CPU
		{F779CAD1-8DAA-4EC6-B6E8-B582EBD5B1C0}.Debug|Any CPU.ActiveCfg = Debug|Any CPU
		{F779CAD1-8DAA-4EC6-B6E8-B582EBD5B1C0}.Debug|Any CPU.Build.0 = Debug|Any CPU
		{F779CAD1-8DAA-4EC6-B6E8-B582EBD5B1C0}.Release|Any CPU.ActiveCfg = Release|Any CPU
		{F779CAD1-8DAA-4EC6-B6E8-B582EBD5B1C0}.Release|Any CPU.Build.0 = Release|Any CPU
	EndGlobalSection
	GlobalSection(SolutionProperties) = preSolution
		HideSolutionNode = FALSE
	EndGlobalSection
	GlobalSection(ExtensibilityGlobals) = postSolution
		SolutionGuid = {3CBE0949-E9FF-4E59-9375-C4C7375242A6}
	EndGlobalSection
EndGlobal
